# This file is automatically @generated by Cargo.
# It is not intended for manual editing.
[[package]]
name = "ahash"
version = "0.4.7"
source = "registry+https://github.com/rust-lang/crates.io-index"
checksum = "739f4a8db6605981345c5654f3a85b056ce52f37a39d34da03f25bf2151ea16e"

[[package]]
name = "anyhow"
version = "1.0.44"
source = "registry+https://github.com/rust-lang/crates.io-index"
checksum = "61604a8f862e1d5c3229fdd78f8b02c68dcf73a4c4b05fd636d12240aaa242c1"

[[package]]
name = "buffering"
version = "0.4.2"
source = "registry+https://github.com/rust-lang/crates.io-index"
checksum = "e64c1c8b8b4ae23f4bfb012a67b943c992f10ff88cd5d37fb38be92209f2aff2"

[[package]]
name = "byteorder"
version = "1.3.4"
source = "registry+https://github.com/rust-lang/crates.io-index"
checksum = "08c48aae112d48ed9f069b33538ea9e3e90aa263cfa3d1c24309612b1f7472de"

[[package]]
name = "cfg-if"
version = "0.1.10"
source = "registry+https://github.com/rust-lang/crates.io-index"
checksum = "4785bdd1c96b2a846b2bd7cc02e86b6b3dbf14e7e53446c4f54c92a361040822"

[[package]]
name = "cfg-if"
version = "1.0.0"
source = "registry+https://github.com/rust-lang/crates.io-index"
checksum = "baf1de4339761588bc0619e3cbc0120ee582ebb74b53b4efbf79117bd2da40fd"

[[package]]
name = "derive-new"
version = "0.5.9"
source = "registry+https://github.com/rust-lang/crates.io-index"
checksum = "3418329ca0ad70234b9735dc4ceed10af4df60eff9c8e7b06cb5e520d92c3535"
dependencies = [
 "proc-macro2",
 "quote",
 "syn",
]

[[package]]
name = "dlv-list"
version = "0.2.2"
source = "registry+https://github.com/rust-lang/crates.io-index"
checksum = "1b391911b9a786312a10cb9d2b3d0735adfd5a8113eb3648de26a75e91b0826c"
dependencies = [
 "rand",
]

[[package]]
name = "getrandom"
version = "0.1.14"
source = "registry+https://github.com/rust-lang/crates.io-index"
checksum = "7abc8dd8451921606d809ba32e95b6111925cd2906060d2dcc29c070220503eb"
dependencies = [
 "cfg-if 0.1.10",
 "libc",
 "wasi",
]

[[package]]
name = "hashbrown"
version = "0.9.1"
source = "registry+https://github.com/rust-lang/crates.io-index"
checksum = "d7afe4a420e3fe79967a00898cc1f4db7c8a49a9333a29f8a4bd76a253d5cd04"
dependencies = [
 "ahash",
]

[[package]]
name = "hex"
version = "0.4.2"
source = "registry+https://github.com/rust-lang/crates.io-index"
checksum = "644f9158b2f133fd50f5fb3242878846d9eb792e445c893805ff0e3824006e35"

[[package]]
name = "iwled-rs"
version = "0.1.0"
dependencies = [
 "anyhow",
 "derive-new",
 "neli 0.5.3",
 "nl80211",
 "numtoa",
 "rust-ini",
 "sysfs-class",
]

[[package]]
name = "libc"
version = "0.2.102"
source = "registry+https://github.com/rust-lang/crates.io-index"
checksum = "a2a5ac8f984bfcf3a823267e5fde638acc3325f6496633a5da6bb6eb2171e103"

[[package]]
name = "neli"
version = "0.4.4"
source = "registry+https://github.com/rust-lang/crates.io-index"
checksum = "e85e9782bd259f916321a71dc0292aa6b0fbb63ff949a6f5e45167b793b6b6d3"
dependencies = [
 "buffering",
 "byteorder",
 "libc",
]

[[package]]
name = "neli"
version = "0.5.3"
source = "registry+https://github.com/rust-lang/crates.io-index"
checksum = "9053554eb5dcb7e10d9cdab1206965bde870eed5d0d341532ca035e3ba221508"
dependencies = [
 "byteorder",
 "libc",
]

[[package]]
name = "nl80211"
version = "0.0.2"
source = "git+https://github.com/deinferno/nl80211.git?branch=master#c4caba12ebdd3337fb121b5d061ac742cb895aa2"
dependencies = [
 "buffering",
 "hex",
 "neli 0.4.4",
]

[[package]]
name = "numtoa"
version = "0.2.4"
source = "registry+https://github.com/rust-lang/crates.io-index"
checksum = "6aa2c4e539b869820a2b82e1aef6ff40aa85e65decdd5185e83fb4b1249cd00f"

[[package]]
name = "ordered-multimap"
version = "0.3.1"
source = "registry+https://github.com/rust-lang/crates.io-index"
checksum = "1c672c7ad9ec066e428c00eb917124a06f08db19e2584de982cc34b1f4c12485"
dependencies = [
 "dlv-list",
 "hashbrown",
]

[[package]]
name = "ppv-lite86"
version = "0.2.9"
source = "registry+https://github.com/rust-lang/crates.io-index"
checksum = "c36fa947111f5c62a733b652544dd0016a43ce89619538a8ef92724a6f501a20"

[[package]]
name = "proc-macro2"
version = "1.0.29"
source = "registry+https://github.com/rust-lang/crates.io-index"
checksum = "b9f5105d4fdaab20335ca9565e106a5d9b82b6219b5ba735731124ac6711d23d"
dependencies = [
 "unicode-xid",
]

[[package]]
name = "quote"
version = "1.0.9"
source = "registry+https://github.com/rust-lang/crates.io-index"
checksum = "c3d0b9745dc2debf507c8422de05d7226cc1f0644216dfdfead988f9b1ab32a7"
dependencies = [
 "proc-macro2",
]

[[package]]
name = "rand"
version = "0.7.3"
source = "registry+https://github.com/rust-lang/crates.io-index"
checksum = "6a6b1679d49b24bbfe0c803429aa1874472f50d9b363131f0e89fc356b544d03"
dependencies = [
 "getrandom",
 "libc",
 "rand_chacha",
 "rand_core",
 "rand_hc",
]

[[package]]
name = "rand_chacha"
version = "0.2.2"
source = "registry+https://github.com/rust-lang/crates.io-index"
checksum = "f4c8ed856279c9737206bf725bf36935d8666ead7aa69b52be55af369d193402"
dependencies = [
 "ppv-lite86",
 "rand_core",
]

[[package]]
name = "rand_core"
version = "0.5.1"
source = "registry+https://github.com/rust-lang/crates.io-index"
checksum = "90bde5296fc891b0cef12a6d03ddccc162ce7b2aff54160af9338f8d40df6d19"
dependencies = [
 "getrandom",
]

[[package]]
name = "rand_hc"
version = "0.2.0"
source = "registry+https://github.com/rust-lang/crates.io-index"
checksum = "ca3129af7b92a17112d59ad498c6f81eaf463253766b90396d39ea7a39d6613c"
dependencies = [
 "rand_core",
]

[[package]]
name = "rust-ini"
version = "0.17.0"
source = "registry+https://github.com/rust-lang/crates.io-index"
checksum = "63471c4aa97a1cf8332a5f97709a79a4234698de6a1f5087faf66f2dae810e22"
dependencies = [
 "cfg-if 1.0.0",
 "ordered-multimap",
]

[[package]]
name = "syn"
version = "1.0.76"
source = "registry+https://github.com/rust-lang/crates.io-index"
checksum = "c6f107db402c2c2055242dbf4d2af0e69197202e9faacbef9571bbe47f5a1b84"
dependencies = [
 "proc-macro2",
 "quote",
 "unicode-xid",
]

[[package]]
name = "sysfs-class"
version = "0.1.3"
source = "registry+https://github.com/rust-lang/crates.io-index"
checksum = "5e1bbcf869732c45a77898f7f61ed6d411dfc37613517e444842f58d428856d1"
dependencies = [
 "numtoa",
]

[[package]]
name = "unicode-xid"
version = "0.2.2"
source = "registry+https://github.com/rust-lang/crates.io-index"
checksum = "8ccb82d61f80a663efe1f787a51b16b5a51e3314d6ac365b08639f52387b33f3"

[[package]]
name = "wasi"
version = "0.9.0+wasi-snapshot-preview1"
source = "registry+https://github.com/rust-lang/crates.io-index"
checksum = "cccddf32554fecc6acb585f82a32a72e28b48f8c4c1883ddfeeeaa96f7d8e519"
